
Microsoft Visual Studio Solution File, Format Version 12.00
# Visual Studio Version 17
VisualStudioVersion = 17.1.32210.238
MinimumVisualStudioVersion = 10.0.40219.1
Project("{2150E333-8FDC-42A3-9474-1A3956D46DE8}") = "src", "src", "{162FEFB3-E4FB-44D3-84E1-6AB392DD8CE5}"
EndProject
Project("{2150E333-8FDC-42A3-9474-1A3956D46DE8}") = "test", "test", "{BDF539D9-22A9-4805-B83D-85B91EDBE70D}"
EndProject
Project("{2150E333-8FDC-42A3-9474-1A3956D46DE8}") = "Core", "Core", "{BF7AE482-2BA1-48A4-AB50-6CF2A267A006}"
EndProject
Project("{2150E333-8FDC-42A3-9474-1A3956D46DE8}") = "Infrastructure", "Infrastructure", "{DBED645A-D033-47BC-8899-1EBD702275B1}"
EndProject
Project("{2150E333-8FDC-42A3-9474-1A3956D46DE8}") = "API", "API", "{E710A04A-A062-4504-8189-435801CC41A8}"
EndProject
Project("{2150E333-8FDC-42A3-9474-1A3956D46DE8}") = "UI", "UI", "{6653D8B0-406F-4330-8346-9762EA54A61C}"
EndProject
Project("{9A19103F-16F7-4668-BE54-9A1E7A4F7556}") = "N_Shop.Domain", "N_Shop.Domain\N_Shop.Domain.csproj", "{B48E6734-12CE-4415-B014-010BC5CA4D5E}"
EndProject
Project("{9A19103F-16F7-4668-BE54-9A1E7A4F7556}") = "N_Shop.Application", "N_Shop.Application\N_Shop.Application.csproj", "{8992DA0A-2431-4A7C-8F57-BE67CB66CE85}"
EndProject
Project("{9A19103F-16F7-4668-BE54-9A1E7A4F7556}") = "N_Shop.Persistence", "N_Shop.Persistence\N_Shop.Persistence.csproj", "{F3D6D0B0-3222-401B-A35A-60E21403F6D1}"
EndProject
Project("{9A19103F-16F7-4668-BE54-9A1E7A4F7556}") = "N_Shop.Application.UnitTests", "N_Shop.Application.UnitTests\N_Shop.Application.UnitTests.csproj", "{04FACC78-0872-4464-A326-F0FF736B779A}"
EndProject
Project("{9A19103F-16F7-4668-BE54-9A1E7A4F7556}") = "N_Shop.Api", "N_Shop.Api\N_Shop.Api.csproj", "{B3B6CCF2-850A-478E-90F2-488FFDDA9C22}"
EndProject
Project("{FAE04EC0-301F-11D3-BF4B-00C04F79EFBC}") = "N_Shop.Identity", "N_Shop.Identity\N_Shop.Identity.csproj", "{FFBF9AD6-A369-417C-AC29-4E417258C3E3}"
EndProject
Project("{FAE04EC0-301F-11D3-BF4B-00C04F79EFBC}") = "N_Shop.Infrastructure", "N_Shop.Infrastructure\N_Shop.Infrastructure.csproj", "{3DD106AD-9A2D-4E9F-A7BB-A5919A7CCC16}"
EndProject
Global
	GlobalSection(SolutionConfigurationPlatforms) = preSolution
		Debug|Any CPU = Debug|Any CPU
		Release|Any CPU = Release|Any CPU
	EndGlobalSection
	GlobalSection(ProjectConfigurationPlatforms) = postSolution
		{B48E6734-12CE-4415-B014-010BC5CA4D5E}.Debug|Any CPU.ActiveCfg = Debug|Any CPU
		{B48E6734-12CE-4415-B014-010BC5CA4D5E}.Debug|Any CPU.Build.0 = Debug|Any CPU
		{B48E6734-12CE-4415-B014-010BC5CA4D5E}.Release|Any CPU.ActiveCfg = Release|Any CPU
		{B48E6734-12CE-4415-B014-010BC5CA4D5E}.Release|Any CPU.Build.0 = Release|Any CPU
		{8992DA0A-2431-4A7C-8F57-BE67CB66CE85}.Debug|Any CPU.ActiveCfg = Debug|Any CPU
		{8992DA0A-2431-4A7C-8F57-BE67CB66CE85}.Debug|Any CPU.Build.0 = Debug|Any CPU
		{8992DA0A-2431-4A7C-8F57-BE67CB66CE85}.Release|Any CPU.ActiveCfg = Release|Any CPU
		{8992DA0A-2431-4A7C-8F57-BE67CB66CE85}.Release|Any CPU.Build.0 = Release|Any CPU
		{F3D6D0B0-3222-401B-A35A-60E21403F6D1}.Debug|Any CPU.ActiveCfg = Debug|Any CPU
		{F3D6D0B0-3222-401B-A35A-60E21403F6D1}.Debug|Any CPU.Build.0 = Debug|Any CPU
		{F3D6D0B0-3222-401B-A35A-60E21403F6D1}.Release|Any CPU.ActiveCfg = Release|Any CPU
		{F3D6D0B0-3222-401B-A35A-60E21403F6D1}.Release|Any CPU.Build.0 = Release|Any CPU
		{04FACC78-0872-4464-A326-F0FF736B779A}.Debug|Any CPU.ActiveCfg = Debug|Any CPU
		{04FACC78-0872-4464-A326-F0FF736B779A}.Debug|Any CPU.Build.0 = Debug|Any CPU
		{04FACC78-0872-4464-A326-F0FF736B779A}.Release|Any CPU.ActiveCfg = Release|Any CPU
		{04FACC78-0872-4464-A326-F0FF736B779A}.Release|Any CPU.Build.0 = Release|Any CPU
		{B3B6CCF2-850A-478E-90F2-488FFDDA9C22}.Debug|Any CPU.ActiveCfg = Debug|Any CPU
		{B3B6CCF2-850A-478E-90F2-488FFDDA9C22}.Debug|Any CPU.Build.0 = Debug|Any CPU
		{B3B6CCF2-850A-478E-90F2-488FFDDA9C22}.Release|Any CPU.ActiveCfg = Release|Any CPU
		{B3B6CCF2-850A-478E-90F2-488FFDDA9C22}.Release|Any CPU.Build.0 = Release|Any CPU
		{FFBF9AD6-A369-417C-AC29-4E417258C3E3}.Debug|Any CPU.ActiveCfg = Debug|Any CPU
		{FFBF9AD6-A369-417C-AC29-4E417258C3E3}.Debug|Any CPU.Build.0 = Debug|Any CPU
		{FFBF9AD6-A369-417C-AC29-4E417258C3E3}.Release|Any CPU.ActiveCfg = Release|Any CPU
		{FFBF9AD6-A369-417C-AC29-4E417258C3E3}.Release|Any CPU.Build.0 = Release|Any CPU
		{3DD106AD-9A2D-4E9F-A7BB-A5919A7CCC16}.Debug|Any CPU.ActiveCfg = Debug|Any CPU
		{3DD106AD-9A2D-4E9F-A7BB-A5919A7CCC16}.Debug|Any CPU.Build.0 = Debug|Any CPU
		{3DD106AD-9A2D-4E9F-A7BB-A5919A7CCC16}.Release|Any CPU.ActiveCfg = Release|Any CPU
		{3DD106AD-9A2D-4E9F-A7BB-A5919A7CCC16}.Release|Any CPU.Build.0 = Release|Any CPU
	EndGlobalSection
	GlobalSection(SolutionProperties) = preSolution
		HideSolutionNode = FALSE
	EndGlobalSection
	GlobalSection(NestedProjects) = preSolution
		{BF7AE482-2BA1-48A4-AB50-6CF2A267A006} = {162FEFB3-E4FB-44D3-84E1-6AB392DD8CE5}
		{DBED645A-D033-47BC-8899-1EBD702275B1} = {162FEFB3-E4FB-44D3-84E1-6AB392DD8CE5}
		{E710A04A-A062-4504-8189-435801CC41A8} = {162FEFB3-E4FB-44D3-84E1-6AB392DD8CE5}
		{6653D8B0-406F-4330-8346-9762EA54A61C} = {162FEFB3-E4FB-44D3-84E1-6AB392DD8CE5}
		{B48E6734-12CE-4415-B014-010BC5CA4D5E} = {BF7AE482-2BA1-48A4-AB50-6CF2A267A006}
		{8992DA0A-2431-4A7C-8F57-BE67CB66CE85} = {BF7AE482-2BA1-48A4-AB50-6CF2A267A006}
		{F3D6D0B0-3222-401B-A35A-60E21403F6D1} = {DBED645A-D033-47BC-8899-1EBD702275B1}
		{04FACC78-0872-4464-A326-F0FF736B779A} = {BDF539D9-22A9-4805-B83D-85B91EDBE70D}
		{B3B6CCF2-850A-478E-90F2-488FFDDA9C22} = {E710A04A-A062-4504-8189-435801CC41A8}
		{FFBF9AD6-A369-417C-AC29-4E417258C3E3} = {DBED645A-D033-47BC-8899-1EBD702275B1}
		{3DD106AD-9A2D-4E9F-A7BB-A5919A7CCC16} = {DBED645A-D033-47BC-8899-1EBD702275B1}
	EndGlobalSection
	GlobalSection(ExtensibilityGlobals) = postSolution
		SolutionGuid = {A105CA72-0E3B-4ECB-9A71-B01DBCE31988}
	EndGlobalSection
EndGlobal
